{
  "name": "@fiorelorenzo/svelte-splide",
  "version": "1.0.0",
  "lockfileVersion": 1,
  "requires": true,
  "dependencies": {
    "@splidejs/splide": {
      "version": "2.4.14",
      "resolved": "https://registry.npmjs.org/@splidejs/splide/-/splide-2.4.14.tgz",
      "integrity": "sha512-TSw8lH0iuWYbcRbOx2J9CMXmKIjbQMBTMkIufUdDqV2q4/7cgcOwy0EkCfKst72SN1jnsj/LurGoOPFocUTq4Q=="
    },
    "svelte": {
      "version": "3.28.0",
      "resolved": "https://registry.npmjs.org/svelte/-/svelte-3.28.0.tgz",
      "integrity": "sha512-WJW8wD+aTmU5GUnTUjdhVF35mve2MjylubLgB6fGWoXHpYENdwcwWsWvjMQLayzMynqNH733h1Ck8wJzNR7gdQ==",
      "dev": true
    }
  }
}
